
Microsoft Visual Studio Solution File, Format Version 12.00
Project("{FAE04EC0-301F-11D3-BF4B-00C04F79EFBC}") = "CES_TEST", "CES_TEST.csproj", "{05538E7D-8770-4784-826E-6BA7DAE42735}"
EndProject
Project("{FAE04EC0-301F-11D3-BF4B-00C04F79EFBC}") = "TestProject1", "TestProject1\TestProject1.csproj", "{2A1AA179-4A56-4883-AEC6-F1C116FF7B4A}"
EndProject
Project("{FAE04EC0-301F-11D3-BF4B-00C04F79EFBC}") = "Presentation", "Presentation\Presentation\Presentation.csproj", "{B2F276DA-2DA2-4351-AD3F-18414F8A1104}"
EndProject
Global
	GlobalSection(SolutionConfigurationPlatforms) = preSolution
		Debug|Any CPU = Debug|Any CPU
		Release|Any CPU = Release|Any CPU
	EndGlobalSection
	GlobalSection(ProjectConfigurationPlatforms) = postSolution
		{05538E7D-8770-4784-826E-6BA7DAE42735}.Debug|Any CPU.ActiveCfg = Debug|Any CPU
		{05538E7D-8770-4784-826E-6BA7DAE42735}.Debug|Any CPU.Build.0 = Debug|Any CPU
		{05538E7D-8770-4784-826E-6BA7DAE42735}.Release|Any CPU.ActiveCfg = Release|Any CPU
		{05538E7D-8770-4784-826E-6BA7DAE42735}.Release|Any CPU.Build.0 = Release|Any CPU
		{2A1AA179-4A56-4883-AEC6-F1C116FF7B4A}.Debug|Any CPU.ActiveCfg = Debug|Any CPU
		{2A1AA179-4A56-4883-AEC6-F1C116FF7B4A}.Debug|Any CPU.Build.0 = Debug|Any CPU
		{2A1AA179-4A56-4883-AEC6-F1C116FF7B4A}.Release|Any CPU.ActiveCfg = Release|Any CPU
		{2A1AA179-4A56-4883-AEC6-F1C116FF7B4A}.Release|Any CPU.Build.0 = Release|Any CPU
		{B2F276DA-2DA2-4351-AD3F-18414F8A1104}.Debug|Any CPU.ActiveCfg = Debug|Any CPU
		{B2F276DA-2DA2-4351-AD3F-18414F8A1104}.Debug|Any CPU.Build.0 = Debug|Any CPU
		{B2F276DA-2DA2-4351-AD3F-18414F8A1104}.Release|Any CPU.ActiveCfg = Release|Any CPU
		{B2F276DA-2DA2-4351-AD3F-18414F8A1104}.Release|Any CPU.Build.0 = Release|Any CPU
	EndGlobalSection
EndGlobal
